
Microsoft Visual Studio Solution File, Format Version 12.00
# Visual Studio Version 16
VisualStudioVersion = 16.0.31624.102
MinimumVisualStudioVersion = 10.0.40219.1
Project("{9A19103F-16F7-4668-BE54-9A1E7A4F7556}") = "FakeHttpServer", "src\FakeHttpServer\FakeHttpServer.csproj", "{F1546A7C-3710-48B1-827E-0FB8AD25AE92}"
EndProject
Project("{FAE04EC0-301F-11D3-BF4B-00C04F79EFBC}") = "FakeHttpServer.Tests", "test\FakeHttpServer.Tests\FakeHttpServer.Tests.csproj", "{F353E80A-518E-44CD-A271-138833909D94}"
EndProject
Global
	GlobalSection(SolutionConfigurationPlatforms) = preSolution
		Debug|Any CPU = Debug|Any CPU
		Release|Any CPU = Release|Any CPU
	EndGlobalSection
	GlobalSection(ProjectConfigurationPlatforms) = postSolution
		{F1546A7C-3710-48B1-827E-0FB8AD25AE92}.Debug|Any CPU.ActiveCfg = Debug|Any CPU
		{F1546A7C-3710-48B1-827E-0FB8AD25AE92}.Debug|Any CPU.Build.0 = Debug|Any CPU
		{F1546A7C-3710-48B1-827E-0FB8AD25AE92}.Release|Any CPU.ActiveCfg = Release|Any CPU
		{F1546A7C-3710-48B1-827E-0FB8AD25AE92}.Release|Any CPU.Build.0 = Release|Any CPU
		{F353E80A-518E-44CD-A271-138833909D94}.Debug|Any CPU.ActiveCfg = Debug|Any CPU
		{F353E80A-518E-44CD-A271-138833909D94}.Debug|Any CPU.Build.0 = Debug|Any CPU
		{F353E80A-518E-44CD-A271-138833909D94}.Release|Any CPU.ActiveCfg = Release|Any CPU
		{F353E80A-518E-44CD-A271-138833909D94}.Release|Any CPU.Build.0 = Release|Any CPU
	EndGlobalSection
	GlobalSection(SolutionProperties) = preSolution
		HideSolutionNode = FALSE
	EndGlobalSection
	GlobalSection(ExtensibilityGlobals) = postSolution
		SolutionGuid = {2BABC09F-32AF-412A-A221-3A0D8B970CD1}
	EndGlobalSection
EndGlobal
